#MicroXplorer Configuration settings - do not modify
Avnet-IOTCONNECT.X-CUBE-iotc-st67-sdk.1.0.0.IoTOoUtilityJjiotcAacAalib_Checked=false
Avnet-IOTCONNECT.X-CUBE-iotc-st67-sdk.1.0.0.IoTOoUtilityJjiotcAast67Aasdk_Checked=false
Avnet-IOTCONNECT.X-CUBE-iotc-st67-sdk.1.0.0_SwParameter=IoTOoUtilityJjiotcAast67Aasdk\:true;IoTOoUtilityJjiotcAacAalib\:true;
CAD.formats=[]
CAD.pinconfig=Dual
CAD.provider=
CORTEX_M7.AccessPermission_S-Cortex_Memory_Protection_Unit_Region1_Settings_S=MPU_REGION_FULL_ACCESS
CORTEX_M7.AccessPermission_S-Cortex_Memory_Protection_Unit_Region2_Settings_S=MPU_REGION_FULL_ACCESS
CORTEX_M7.AccessPermission_S-Cortex_Memory_Protection_Unit_Region3_Settings_S=MPU_REGION_FULL_ACCESS
CORTEX_M7.BaseAddress_S-Cortex_Memory_Protection_Unit_Region1_Settings_S=0x30000000
CORTEX_M7.BaseAddress_S-Cortex_Memory_Protection_Unit_Region2_Settings_S=0x30000200
CORTEX_M7.BaseAddress_S-Cortex_Memory_Protection_Unit_Region3_Settings_S=0x90000000
CORTEX_M7.CPU_DCache=Enabled
CORTEX_M7.CPU_ICache=Enabled
CORTEX_M7.DisableExec_S-Cortex_Memory_Protection_Unit_Region1_Settings_S=MPU_INSTRUCTION_ACCESS_ENABLE
CORTEX_M7.Enable_S-Cortex_Memory_Protection_Unit_Region1_Settings_S=MPU_REGION_ENABLE
CORTEX_M7.Enable_S-Cortex_Memory_Protection_Unit_Region2_Settings_S=MPU_REGION_ENABLE
CORTEX_M7.Enable_S-Cortex_Memory_Protection_Unit_Region3_Settings_S=MPU_REGION_ENABLE
CORTEX_M7.IPParameters=default_mode_Activation,Enable_S-Cortex_Memory_Protection_Unit_Region1_Settings_S,BaseAddress_S-Cortex_Memory_Protection_Unit_Region1_Settings_S,Size_S-Cortex_Memory_Protection_Unit_Region1_Settings_S,AccessPermission_S-Cortex_Memory_Protection_Unit_Region1_Settings_S,IsCacheable_S-Cortex_Memory_Protection_Unit_Region1_Settings_S,CPU_ICache,CPU_DCache,TypeExtField_S-Cortex_Memory_Protection_Unit_Region1_Settings_S,DisableExec_S-Cortex_Memory_Protection_Unit_Region1_Settings_S,Enable_S-Cortex_Memory_Protection_Unit_Region2_Settings_S,IsBufferable_S-Cortex_Memory_Protection_Unit_Region1_Settings_S,IsShareable_S-Cortex_Memory_Protection_Unit_Region1_Settings_S,BaseAddress_S-Cortex_Memory_Protection_Unit_Region2_Settings_S,Size_S-Cortex_Memory_Protection_Unit_Region2_Settings_S,IsShareable_S-Cortex_Memory_Protection_Unit_Region2_Settings_S,AccessPermission_S-Cortex_Memory_Protection_Unit_Region2_Settings_S,TypeExtField_S-Cortex_Memory_Protection_Unit_Region2_Settings_S,Enable_S-Cortex_Memory_Protection_Unit_Region3_Settings_S,BaseAddress_S-Cortex_Memory_Protection_Unit_Region3_Settings_S,Size_S-Cortex_Memory_Protection_Unit_Region3_Settings_S,AccessPermission_S-Cortex_Memory_Protection_Unit_Region3_Settings_S,IsShareable_S-Cortex_Memory_Protection_Unit_Region3_Settings_S,IsCacheable_S-Cortex_Memory_Protection_Unit_Region3_Settings_S,IsBufferable_S-Cortex_Memory_Protection_Unit_Region3_Settings_S,TypeExtField_S-Cortex_Memory_Protection_Unit_Region3_Settings_S
CORTEX_M7.IsBufferable_S-Cortex_Memory_Protection_Unit_Region1_Settings_S=MPU_ACCESS_BUFFERABLE
CORTEX_M7.IsBufferable_S-Cortex_Memory_Protection_Unit_Region3_Settings_S=MPU_ACCESS_BUFFERABLE
CORTEX_M7.IsCacheable_S-Cortex_Memory_Protection_Unit_Region1_Settings_S=MPU_ACCESS_NOT_CACHEABLE
CORTEX_M7.IsCacheable_S-Cortex_Memory_Protection_Unit_Region3_Settings_S=MPU_ACCESS_CACHEABLE
CORTEX_M7.IsShareable_S-Cortex_Memory_Protection_Unit_Region1_Settings_S=MPU_ACCESS_NOT_SHAREABLE
CORTEX_M7.IsShareable_S-Cortex_Memory_Protection_Unit_Region2_Settings_S=MPU_ACCESS_SHAREABLE
CORTEX_M7.IsShareable_S-Cortex_Memory_Protection_Unit_Region3_Settings_S=MPU_ACCESS_SHAREABLE
CORTEX_M7.Size_S-Cortex_Memory_Protection_Unit_Region1_Settings_S=MPU_REGION_SIZE_256B
CORTEX_M7.Size_S-Cortex_Memory_Protection_Unit_Region2_Settings_S=MPU_REGION_SIZE_32KB
CORTEX_M7.Size_S-Cortex_Memory_Protection_Unit_Region3_Settings_S=MPU_REGION_SIZE_64MB
CORTEX_M7.TypeExtField_S-Cortex_Memory_Protection_Unit_Region1_Settings_S=MPU_TEX_LEVEL0
CORTEX_M7.TypeExtField_S-Cortex_Memory_Protection_Unit_Region2_Settings_S=MPU_TEX_LEVEL1
CORTEX_M7.TypeExtField_S-Cortex_Memory_Protection_Unit_Region3_Settings_S=MPU_TEX_LEVEL1
CORTEX_M7.default_mode_Activation=1
Dma.Request0=SPI3_TX
Dma.Request1=SPI3_RX
Dma.Request2=SPI4_RX
Dma.Request3=SPI4_TX
Dma.RequestsNb=4
Dma.SPI3_RX.1.Direction=DMA_PERIPH_TO_MEMORY
Dma.SPI3_RX.1.EventEnable=DISABLE
Dma.SPI3_RX.1.FIFOMode=DMA_FIFOMODE_DISABLE
Dma.SPI3_RX.1.Instance=DMA1_Stream1
Dma.SPI3_RX.1.MemDataAlignment=DMA_MDATAALIGN_BYTE
Dma.SPI3_RX.1.MemInc=DMA_MINC_ENABLE
Dma.SPI3_RX.1.Mode=DMA_NORMAL
Dma.SPI3_RX.1.PeriphDataAlignment=DMA_PDATAALIGN_BYTE
Dma.SPI3_RX.1.PeriphInc=DMA_PINC_DISABLE
Dma.SPI3_RX.1.Polarity=HAL_DMAMUX_REQ_GEN_RISING
Dma.SPI3_RX.1.Priority=DMA_PRIORITY_HIGH
Dma.SPI3_RX.1.RequestNumber=1
Dma.SPI3_RX.1.RequestParameters=Instance,Direction,PeriphInc,MemInc,PeriphDataAlignment,MemDataAlignment,Mode,Priority,FIFOMode,SignalID,Polarity,RequestNumber,SyncSignalID,SyncPolarity,SyncEnable,EventEnable,SyncRequestNumber
Dma.SPI3_RX.1.SignalID=NONE
Dma.SPI3_RX.1.SyncEnable=DISABLE
Dma.SPI3_RX.1.SyncPolarity=HAL_DMAMUX_SYNC_NO_EVENT
Dma.SPI3_RX.1.SyncRequestNumber=1
Dma.SPI3_RX.1.SyncSignalID=NONE
Dma.SPI3_TX.0.Direction=DMA_MEMORY_TO_PERIPH
Dma.SPI3_TX.0.EventEnable=DISABLE
Dma.SPI3_TX.0.FIFOMode=DMA_FIFOMODE_DISABLE
Dma.SPI3_TX.0.Instance=DMA1_Stream0
Dma.SPI3_TX.0.MemDataAlignment=DMA_MDATAALIGN_BYTE
Dma.SPI3_TX.0.MemInc=DMA_MINC_ENABLE
Dma.SPI3_TX.0.Mode=DMA_NORMAL
Dma.SPI3_TX.0.PeriphDataAlignment=DMA_PDATAALIGN_BYTE
Dma.SPI3_TX.0.PeriphInc=DMA_PINC_DISABLE
Dma.SPI3_TX.0.Polarity=HAL_DMAMUX_REQ_GEN_RISING
Dma.SPI3_TX.0.Priority=DMA_PRIORITY_HIGH
Dma.SPI3_TX.0.RequestNumber=1
Dma.SPI3_TX.0.RequestParameters=Instance,Direction,PeriphInc,MemInc,PeriphDataAlignment,MemDataAlignment,Mode,Priority,FIFOMode,SignalID,Polarity,RequestNumber,SyncSignalID,SyncPolarity,SyncEnable,EventEnable,SyncRequestNumber
Dma.SPI3_TX.0.SignalID=NONE
Dma.SPI3_TX.0.SyncEnable=DISABLE
Dma.SPI3_TX.0.SyncPolarity=HAL_DMAMUX_SYNC_NO_EVENT
Dma.SPI3_TX.0.SyncRequestNumber=1
Dma.SPI3_TX.0.SyncSignalID=NONE
Dma.SPI4_RX.2.Direction=DMA_PERIPH_TO_MEMORY
Dma.SPI4_RX.2.EventEnable=DISABLE
Dma.SPI4_RX.2.FIFOMode=DMA_FIFOMODE_DISABLE
Dma.SPI4_RX.2.Instance=DMA1_Stream2
Dma.SPI4_RX.2.MemDataAlignment=DMA_MDATAALIGN_BYTE
Dma.SPI4_RX.2.MemInc=DMA_MINC_ENABLE
Dma.SPI4_RX.2.Mode=DMA_NORMAL
Dma.SPI4_RX.2.PeriphDataAlignment=DMA_PDATAALIGN_BYTE
Dma.SPI4_RX.2.PeriphInc=DMA_PINC_DISABLE
Dma.SPI4_RX.2.Polarity=HAL_DMAMUX_REQ_GEN_RISING
Dma.SPI4_RX.2.Priority=DMA_PRIORITY_HIGH
Dma.SPI4_RX.2.RequestNumber=1
Dma.SPI4_RX.2.RequestParameters=Instance,Direction,PeriphInc,MemInc,PeriphDataAlignment,MemDataAlignment,Mode,Priority,FIFOMode,SignalID,Polarity,RequestNumber,SyncSignalID,SyncPolarity,SyncEnable,EventEnable,SyncRequestNumber
Dma.SPI4_RX.2.SignalID=NONE
Dma.SPI4_RX.2.SyncEnable=DISABLE
Dma.SPI4_RX.2.SyncPolarity=HAL_DMAMUX_SYNC_NO_EVENT
Dma.SPI4_RX.2.SyncRequestNumber=1
Dma.SPI4_RX.2.SyncSignalID=NONE
Dma.SPI4_TX.3.Direction=DMA_MEMORY_TO_PERIPH
Dma.SPI4_TX.3.EventEnable=DISABLE
Dma.SPI4_TX.3.FIFOMode=DMA_FIFOMODE_DISABLE
Dma.SPI4_TX.3.Instance=DMA1_Stream3
Dma.SPI4_TX.3.MemDataAlignment=DMA_MDATAALIGN_BYTE
Dma.SPI4_TX.3.MemInc=DMA_MINC_ENABLE
Dma.SPI4_TX.3.Mode=DMA_NORMAL
Dma.SPI4_TX.3.PeriphDataAlignment=DMA_PDATAALIGN_BYTE
Dma.SPI4_TX.3.PeriphInc=DMA_PINC_DISABLE
Dma.SPI4_TX.3.Polarity=HAL_DMAMUX_REQ_GEN_RISING
Dma.SPI4_TX.3.Priority=DMA_PRIORITY_HIGH
Dma.SPI4_TX.3.RequestNumber=1
Dma.SPI4_TX.3.RequestParameters=Instance,Direction,PeriphInc,MemInc,PeriphDataAlignment,MemDataAlignment,Mode,Priority,FIFOMode,SignalID,Polarity,RequestNumber,SyncSignalID,SyncPolarity,SyncEnable,EventEnable,SyncRequestNumber
Dma.SPI4_TX.3.SignalID=NONE
Dma.SPI4_TX.3.SyncEnable=DISABLE
Dma.SPI4_TX.3.SyncPolarity=HAL_DMAMUX_SYNC_NO_EVENT
Dma.SPI4_TX.3.SyncRequestNumber=1
Dma.SPI4_TX.3.SyncSignalID=NONE
File.Version=6
GPIO.groupedBy=Group By Peripherals
I2C1.IPParameters=Timing
I2C1.Timing=0x20A0A3F6
KeepUserPlacement=false
MMTAppReg1.MEMORYMAP.AppRegionName=DTCMRAM
MMTAppReg1.MEMORYMAP.Cacheability=WBRAWA
MMTAppReg1.MEMORYMAP.ContextName=Cortex-M7NS
MMTAppReg1.MEMORYMAP.CoreName=Arm Cortex-M7
MMTAppReg1.MEMORYMAP.IPParameters=StartAddress,Size,CoreName,ContextName,Name,Cacheability
MMTAppReg1.MEMORYMAP.Name=DTCMRAM
MMTAppReg1.MEMORYMAP.Size=131072
MMTAppReg1.MEMORYMAP.StartAddress=0x20000000
MMTAppReg2.MEMORYMAP.AppRegionName=RAM
MMTAppReg2.MEMORYMAP.Cacheability=WBRAWA
MMTAppReg2.MEMORYMAP.ContextName=Cortex-M7NS
MMTAppReg2.MEMORYMAP.CoreName=Arm Cortex-M7
MMTAppReg2.MEMORYMAP.DefaultDataRegion=true
MMTAppReg2.MEMORYMAP.IPParameters=StartAddress,Size,CoreName,ContextName,Name,Cacheability,DefaultDataRegion
MMTAppReg2.MEMORYMAP.Name=RAM
MMTAppReg2.MEMORYMAP.Size=131072
MMTAppReg2.MEMORYMAP.StartAddress=0x24000000
MMTAppReg3.MEMORYMAP.AppRegionName=RAM_D2
MMTAppReg3.MEMORYMAP.Cacheability=WBRAWA
MMTAppReg3.MEMORYMAP.ContextName=Cortex-M7NS
MMTAppReg3.MEMORYMAP.CoreName=Arm Cortex-M7
MMTAppReg3.MEMORYMAP.IPParameters=StartAddress,Size,CoreName,ContextName,Name,Cacheability
MMTAppReg3.MEMORYMAP.Name=RAM_D2
MMTAppReg3.MEMORYMAP.Size=32768
MMTAppReg3.MEMORYMAP.StartAddress=0x30000000
MMTAppReg4.MEMORYMAP.AppRegionName=RAM_D3
MMTAppReg4.MEMORYMAP.Cacheability=WBRAWA
MMTAppReg4.MEMORYMAP.ContextName=Cortex-M7NS
MMTAppReg4.MEMORYMAP.CoreName=Arm Cortex-M7
MMTAppReg4.MEMORYMAP.IPParameters=StartAddress,Size,CoreName,ContextName,Name,Cacheability
MMTAppReg4.MEMORYMAP.Name=RAM_D3
MMTAppReg4.MEMORYMAP.Size=16384
MMTAppReg4.MEMORYMAP.StartAddress=0x38000000
MMTAppReg5.MEMORYMAP.AppRegionName=ITCMRAM
MMTAppReg5.MEMORYMAP.Cacheability=WTRA
MMTAppReg5.MEMORYMAP.ContextName=Cortex-M7NS
MMTAppReg5.MEMORYMAP.CoreName=Arm Cortex-M7
MMTAppReg5.MEMORYMAP.IPParameters=StartAddress,Size,CoreName,ContextName,Name,Cacheability
MMTAppReg5.MEMORYMAP.Name=ITCMRAM
MMTAppReg5.MEMORYMAP.Size=65536
MMTAppReg5.MEMORYMAP.StartAddress=0x00000000
MMTAppReg6.MEMORYMAP.AP=RO_priv_only
MMTAppReg6.MEMORYMAP.AppRegionName=FLASH
MMTAppReg6.MEMORYMAP.Cacheability=WTRA
MMTAppReg6.MEMORYMAP.ContextName=Cortex-M7NS
MMTAppReg6.MEMORYMAP.CoreName=Arm Cortex-M7
MMTAppReg6.MEMORYMAP.DefaultCodeRegion=true
MMTAppReg6.MEMORYMAP.IPParameters=StartAddress,Size,CoreName,MemType,ContextName,Name,AP,Cacheability,DefaultCodeRegion,ISRRegion,RootBootRegion
MMTAppReg6.MEMORYMAP.ISRRegion=true
MMTAppReg6.MEMORYMAP.MemType=ROM
MMTAppReg6.MEMORYMAP.Name=FLASH
MMTAppReg6.MEMORYMAP.RootBootRegion=true
MMTAppReg6.MEMORYMAP.Size=1048576
MMTAppReg6.MEMORYMAP.StartAddress=0x08000000
MMTAppReg7.MEMORYMAP.AppRegionName=ExtMem
MMTAppReg7.MEMORYMAP.Cacheability=Device_NGNRE
MMTAppReg7.MEMORYMAP.ContextName=Cortex-M7NS
MMTAppReg7.MEMORYMAP.CoreName=Arm Cortex-M7
MMTAppReg7.MEMORYMAP.IPParameters=StartAddress,Size,CoreName,SizeUnit,MemSource,ContextName,Name,Cacheability,Shareability
MMTAppReg7.MEMORYMAP.MemSource=EXT
MMTAppReg7.MEMORYMAP.Name=ExtMem
MMTAppReg7.MEMORYMAP.Shareability=Shareable
MMTAppReg7.MEMORYMAP.Size=67108864
MMTAppReg7.MEMORYMAP.SizeUnit=MB
MMTAppReg7.MEMORYMAP.StartAddress=0x90000000
MMTAppRegionsCount=7
MMTConfigApplied=false
MMTSectionSuffix=
Mcu.CPN=STM32H723VGT6
Mcu.Family=STM32H7
Mcu.IP0=CORDIC
Mcu.IP1=CORTEX_M7
Mcu.IP10=SPI4
Mcu.IP11=SYS
Mcu.IP12=TIM16
Mcu.IP13=USART1
Mcu.IP14=USART2
Mcu.IP2=DEBUG
Mcu.IP3=DMA
Mcu.IP4=I2C1
Mcu.IP5=MEMORYMAP
Mcu.IP6=NVIC
Mcu.IP7=OCTOSPI1
Mcu.IP8=RCC
Mcu.IP9=SPI3
Mcu.IPNb=15
Mcu.Name=STM32H723VGTx
Mcu.Package=LQFP100
Mcu.Pin0=PE2
Mcu.Pin1=PE5
Mcu.Pin10=PA6
Mcu.Pin11=PB0
Mcu.Pin12=PE7
Mcu.Pin13=PE8
Mcu.Pin14=PE10
Mcu.Pin15=PE11
Mcu.Pin16=PE13
Mcu.Pin17=PE14
Mcu.Pin18=PE15
Mcu.Pin19=PD9
Mcu.Pin2=PE6
Mcu.Pin20=PD10
Mcu.Pin21=PD13
Mcu.Pin22=PD14
Mcu.Pin23=PC9
Mcu.Pin24=PA9
Mcu.Pin25=PA10
Mcu.Pin26=PA12
Mcu.Pin27=PA13(JTMS/SWDIO)
Mcu.Pin28=PA14(JTCK/SWCLK)
Mcu.Pin29=PC10
Mcu.Pin3=PC14-OSC32_IN
Mcu.Pin30=PC11
Mcu.Pin31=PC12
Mcu.Pin32=PD0
Mcu.Pin33=PD1
Mcu.Pin34=PD2
Mcu.Pin35=PD3
Mcu.Pin36=PD4
Mcu.Pin37=PD5
Mcu.Pin38=PD6
Mcu.Pin39=PD7
Mcu.Pin4=PC15-OSC32_OUT
Mcu.Pin40=PB3(JTDO/TRACESWO)
Mcu.Pin41=PB8
Mcu.Pin42=PB9
Mcu.Pin43=VP_CORDIC_VS_CORDIC
Mcu.Pin44=VP_OCTOSPI1_VS_quad
Mcu.Pin45=VP_SYS_VS_tim1
Mcu.Pin46=VP_TIM16_VS_ClockSourceINT
Mcu.Pin47=VP_MEMORYMAP_VS_MEMORYMAP
Mcu.Pin5=PH0-OSC_IN
Mcu.Pin6=PH1-OSC_OUT
Mcu.Pin7=PC2_C
Mcu.Pin8=PC3_C
Mcu.Pin9=PA3
Mcu.PinsNb=48
Mcu.ThirdParty0=Avnet-IOTCONNECT.X-CUBE-iotc-st67-sdk.1.0.0
Mcu.ThirdParty1=STMicroelectronics.X-CUBE-ALGOBUILD.1.4.0
Mcu.ThirdParty2=STMicroelectronics.X-CUBE-ST67W61.1.0.0
Mcu.ThirdPartyNb=3
Mcu.UserConstants=
Mcu.UserName=STM32H723VGTx
MxCube.Version=6.16.1
MxDb.Version=DB.6.0.161
NVIC.BusFault_IRQn=true\:0\:0\:false\:false\:true\:false\:false\:false
NVIC.CORDIC_IRQn=true\:0\:0\:false\:false\:true\:true\:true\:true
NVIC.DMA1_Stream0_IRQn=true\:0\:0\:false\:false\:true\:false\:true\:true
NVIC.DMA1_Stream1_IRQn=true\:0\:0\:false\:false\:true\:false\:true\:true
NVIC.DMA1_Stream2_IRQn=true\:0\:0\:false\:false\:true\:false\:true\:true
NVIC.DMA1_Stream3_IRQn=true\:0\:0\:false\:false\:true\:false\:true\:true
NVIC.DebugMonitor_IRQn=true\:0\:0\:false\:false\:true\:false\:false\:false
NVIC.EXTI0_IRQn=true\:0\:0\:false\:false\:true\:true\:true\:true
NVIC.EXTI15_10_IRQn=true\:0\:0\:false\:false\:true\:true\:true\:true
NVIC.EXTI4_IRQn=true\:0\:0\:false\:false\:true\:true\:true\:true
NVIC.EXTI9_5_IRQn=true\:0\:0\:false\:false\:true\:true\:true\:true
NVIC.ForceEnableDMAVector=true
NVIC.HardFault_IRQn=true\:0\:0\:false\:false\:true\:false\:false\:false
NVIC.MemoryManagement_IRQn=true\:0\:0\:false\:false\:true\:false\:false\:false
NVIC.NonMaskableInt_IRQn=true\:0\:0\:false\:false\:true\:false\:false\:false
NVIC.OCTOSPI1_IRQn=true\:0\:0\:false\:false\:true\:true\:true\:true
NVIC.PendSV_IRQn=true\:0\:0\:false\:false\:true\:false\:false\:false
NVIC.PriorityGroup=NVIC_PRIORITYGROUP_4
NVIC.SPI3_IRQn=true\:0\:0\:false\:false\:true\:false\:true\:true
NVIC.SPI4_IRQn=true\:0\:0\:false\:false\:true\:true\:true\:true
NVIC.SVCall_IRQn=true\:0\:0\:false\:false\:true\:false\:false\:false
NVIC.SysTick_IRQn=true\:15\:0\:false\:false\:true\:false\:true\:false
NVIC.TIM16_IRQn=true\:0\:0\:false\:false\:true\:true\:true\:true
NVIC.TIM1_UP_IRQn=true\:15\:0\:false\:false\:true\:false\:true\:true
NVIC.TimeBase=TIM1_UP_IRQn
NVIC.TimeBaseIP=TIM1
NVIC.USART1_IRQn=true\:0\:0\:false\:false\:true\:true\:true\:true
NVIC.USART2_IRQn=true\:0\:0\:false\:false\:true\:true\:true\:true
NVIC.UsageFault_IRQn=true\:0\:0\:false\:false\:true\:false\:false\:false
OCTOSPI1.ChipSelectHighTime=3
OCTOSPI1.ClockPrescaler=1
OCTOSPI1.DelayBlockBypass=HAL_OSPI_DELAY_BLOCK_USED
OCTOSPI1.DelayHoldQuarterCycle=HAL_OSPI_DHQC_ENABLE
OCTOSPI1.DeviceSize=26
OCTOSPI1.FifoThreshold=1
OCTOSPI1.IPParameters=FifoThreshold,ClockPrescaler,DeviceSize,DelayHoldQuarterCycle,MemoryType,ChipSelectHighTime,DelayBlockBypass
OCTOSPI1.MemoryType=HAL_OSPI_MEMTYPE_MACRONIX
PA10.Locked=true
PA10.Mode=Asynchronous
PA10.Signal=USART1_RX
PA12.Locked=true
PA12.Mode=Hardware Flow Control (RS485)
PA12.Signal=USART1_DE
PA13(JTMS/SWDIO).Mode=Trace_Asynchronous_SW
PA13(JTMS/SWDIO).Signal=DEBUG_JTMS-SWDIO
PA14(JTCK/SWCLK).Mode=Trace_Asynchronous_SW
PA14(JTCK/SWCLK).Signal=DEBUG_JTCK-SWCLK
PA3.Mode=O1_P1_CLK
PA3.Signal=OCTOSPIM_P1_CLK
PA6.Locked=true
PA6.Mode=OCTOSPI1_IOL_Port1L
PA6.Signal=OCTOSPIM_P1_IO3
PA9.Locked=true
PA9.Mode=Asynchronous
PA9.Signal=USART1_TX
PB0.Mode=OCTOSPI1_IOL_Port1L
PB0.Signal=OCTOSPIM_P1_IO1
PB3(JTDO/TRACESWO).Mode=Trace_Asynchronous_SW
PB3(JTDO/TRACESWO).Signal=DEBUG_JTDO-SWO
PB8.Locked=true
PB8.Mode=I2C
PB8.Signal=I2C1_SCL
PB9.Locked=true
PB9.Mode=I2C
PB9.Signal=I2C1_SDA
PC10.GPIOParameters=GPIO_Speed
PC10.GPIO_Speed=GPIO_SPEED_FREQ_VERY_HIGH
PC10.Locked=true
PC10.Mode=Full_Duplex_Master
PC10.Signal=SPI3_SCK
PC11.GPIOParameters=GPIO_Speed
PC11.GPIO_Speed=GPIO_SPEED_FREQ_VERY_HIGH
PC11.Locked=true
PC11.Mode=Full_Duplex_Master
PC11.Signal=SPI3_MISO
PC12.GPIOParameters=GPIO_Speed
PC12.GPIO_Speed=GPIO_SPEED_FREQ_VERY_HIGH
PC12.Locked=true
PC12.Mode=Full_Duplex_Master
PC12.Signal=SPI3_MOSI
PC14-OSC32_IN.Mode=LSE-External-Oscillator
PC14-OSC32_IN.Signal=RCC_OSC32_IN
PC15-OSC32_OUT.Mode=LSE-External-Oscillator
PC15-OSC32_OUT.Signal=RCC_OSC32_OUT
PC2_C.Locked=true
PC2_C.Mode=OCTOSPI1_IOL_Port1L
PC2_C.Signal=OCTOSPIM_P1_IO2
PC3_C.Mode=OCTOSPI1_IOL_Port1L
PC3_C.Signal=OCTOSPIM_P1_IO0
PC9.Locked=true
PC9.Mode=Clock-out-2
PC9.Signal=RCC_MCO_2
PD0.GPIOParameters=GPIO_Label
PD0.GPIO_Label=V_DRDY
PD0.Locked=true
PD0.Signal=GPXTI0
PD1.GPIOParameters=PinState,GPIO_Label
PD1.GPIO_Label=V_CS
PD1.Locked=true
PD1.PinState=GPIO_PIN_SET
PD1.Signal=GPIO_Output
PD10.GPIOParameters=GPIO_Label
PD10.GPIO_Label=SW_RST
PD10.Locked=true
PD10.Signal=GPXTI10
PD13.GPIOParameters=PinState,GPIO_Label
PD13.GPIO_Label=REL1
PD13.Locked=true
PD13.PinState=GPIO_PIN_RESET
PD13.Signal=GPIO_Output
PD14.GPIOParameters=GPIO_Label
PD14.GPIO_Label=REL2
PD14.Locked=true
PD14.Signal=GPIO_Output
PD2.GPIOParameters=GPIO_Label
PD2.GPIO_Label=WIFI_BOOT
PD2.Locked=true
PD2.Signal=GPIO_Output
PD3.GPIOParameters=GPIO_Speed,PinState,GPIO_Label
PD3.GPIO_Label=SPI_CS
PD3.GPIO_Speed=GPIO_SPEED_FREQ_HIGH
PD3.Locked=true
PD3.PinState=GPIO_PIN_SET
PD3.Signal=GPIO_Output
PD4.GPIOParameters=GPIO_Label,GPIO_ModeDefaultEXTI
PD4.GPIO_Label=SPI_RDY
PD4.GPIO_ModeDefaultEXTI=GPIO_MODE_IT_RISING_FALLING
PD4.Locked=true
PD4.Signal=GPXTI4
PD5.Locked=true
PD5.Mode=Asynchronous
PD5.Signal=USART2_TX
PD6.Locked=true
PD6.Mode=Asynchronous
PD6.Signal=USART2_RX
PD7.GPIOParameters=GPIO_Speed,PinState,GPIO_Label
PD7.GPIO_Label=CHIP_EN
PD7.GPIO_Speed=GPIO_SPEED_FREQ_HIGH
PD7.Locked=true
PD7.PinState=GPIO_PIN_RESET
PD7.Signal=GPIO_Output
PD9.GPIOParameters=GPIO_Label
PD9.GPIO_Label=C1_DRDY
PD9.Locked=true
PD9.Signal=GPXTI9
PE10.GPIOParameters=PinState,GPIO_Label
PE10.GPIO_Label=LAN_RST
PE10.Locked=true
PE10.PinState=GPIO_PIN_SET
PE10.Signal=GPIO_Output
PE11.Mode=OCTOSPI1_Port1_NCS
PE11.Signal=OCTOSPIM_P1_NCS
PE13.GPIOParameters=PinState,GPIO_Label
PE13.GPIO_Label=SYNC
PE13.Locked=true
PE13.PinState=GPIO_PIN_SET
PE13.Signal=GPIO_Output
PE14.GPIOParameters=PinState,GPIO_Label
PE14.GPIO_Label=C1_CS
PE14.Locked=true
PE14.PinState=GPIO_PIN_SET
PE14.Signal=GPIO_Output
PE15.GPIOParameters=PinState,GPIO_Label
PE15.GPIO_Label=MEM_RST
PE15.Locked=true
PE15.PinState=GPIO_PIN_SET
PE15.Signal=GPIO_Output
PE2.Locked=true
PE2.Mode=Full_Duplex_Master
PE2.Signal=SPI4_SCK
PE5.Locked=true
PE5.Mode=Full_Duplex_Master
PE5.Signal=SPI4_MISO
PE6.Locked=true
PE6.Mode=Full_Duplex_Master
PE6.Signal=SPI4_MOSI
PE7.GPIOParameters=GPIO_Label
PE7.GPIO_Label=C2_DRDY
PE7.Locked=true
PE7.Signal=GPXTI7
PE8.GPIOParameters=PinState,GPIO_Label
PE8.GPIO_Label=C2_CS
PE8.Locked=true
PE8.PinState=GPIO_PIN_SET
PE8.Signal=GPIO_Output
PH0-OSC_IN.Mode=HSE-External-Oscillator
PH0-OSC_IN.Signal=RCC_OSC_IN
PH1-OSC_OUT.Mode=HSE-External-Oscillator
PH1-OSC_OUT.Signal=RCC_OSC_OUT
PinOutPanel.RotationAngle=0
ProjectManager.AskForMigrate=true
ProjectManager.BackupPrevious=false
ProjectManager.CompilerLinker=GCC
ProjectManager.CompilerOptimize=6
ProjectManager.ComputerToolchain=false
ProjectManager.CoupleFile=true
ProjectManager.CustomerFirmwarePackage=
ProjectManager.DefaultFWLocation=true
ProjectManager.DeletePrevious=true
ProjectManager.DeviceId=STM32H723VGTx
ProjectManager.FirmwarePackage=STM32Cube FW_H7 V1.12.1
ProjectManager.FreePins=false
ProjectManager.FreePinsContext=
ProjectManager.HalAssertFull=false
ProjectManager.HeapSize=0x2000
ProjectManager.KeepUserCode=true
ProjectManager.LastFirmware=true
ProjectManager.LibraryCopy=1
ProjectManager.MainLocation=Core/Src
ProjectManager.NoMain=false
ProjectManager.PreviousToolchain=STM32CubeIDE
ProjectManager.ProjectBuild=false
ProjectManager.ProjectFileName=Metroniq_Bootloader.ioc
ProjectManager.ProjectName=Metroniq_Bootloader
ProjectManager.ProjectStructure=
ProjectManager.RegisterCallBack=
ProjectManager.StackSize=0x4000
ProjectManager.TargetToolchain=STM32CubeIDE
ProjectManager.ToolChainLocation=
ProjectManager.UAScriptAfterPath=
ProjectManager.UAScriptBeforePath=
ProjectManager.UnderRoot=true
ProjectManager.functionlistsort=1-SystemClock_Config-RCC-false-HAL-false,2-MX_GPIO_Init-GPIO-false-HAL-true,3-MX_DMA_Init-DMA-false-HAL-true,4-MX_SPI3_Init-SPI3-false-HAL-true,5-MX_SPI4_Init-SPI4-false-HAL-true,6-MX_USART1_UART_Init-USART1-false-HAL-true,7-MX_I2C1_Init-I2C1-false-HAL-true,8-MX_CORDIC_Init-CORDIC-false-HAL-true,9-MX_USART2_UART_Init-USART2-false-HAL-true,10-MX_OCTOSPI1_Init-OCTOSPI1-false-HAL-true,11-MX_TIM16_Init-TIM16-false-HAL-true,0-MX_CORTEX_M7_Init-CORTEX_M7-false-HAL-true
RCC.ADCFreq_Value=48375000
RCC.AHB12Freq_Value=250000000
RCC.AHB4Freq_Value=250000000
RCC.APB1Freq_Value=125000000
RCC.APB2Freq_Value=125000000
RCC.APB3Freq_Value=125000000
RCC.APB4Freq_Value=125000000
RCC.AXIClockFreq_Value=250000000
RCC.CECFreq_Value=32000
RCC.CKPERFreq_Value=64000000
RCC.CortexFreq_Value=500000000
RCC.CpuClockFreq_Value=500000000
RCC.D1CPREFreq_Value=500000000
RCC.D1PPRE=RCC_APB3_DIV2
RCC.D2PPRE1=RCC_APB1_DIV2
RCC.D2PPRE2=RCC_APB2_DIV2
RCC.D3PPRE=RCC_APB4_DIV2
RCC.DFSDMACLkFreq_Value=250000000
RCC.DFSDMFreq_Value=125000000
RCC.DIVM1=3
RCC.DIVN1=62
RCC.DIVP1=1
RCC.DIVP1Freq_Value=500000000
RCC.DIVP2Freq_Value=48375000
RCC.DIVP3Freq_Value=48375000
RCC.DIVQ1Freq_Value=250000000
RCC.DIVQ2Freq_Value=48375000
RCC.DIVQ3Freq_Value=48375000
RCC.DIVR1Freq_Value=250000000
RCC.DIVR2Freq_Value=48375000
RCC.DIVR3Freq_Value=48375000
RCC.FDCANFreq_Value=250000000
RCC.FMCFreq_Value=250000000
RCC.FamilyName=M
RCC.HCLK3ClockFreq_Value=250000000
RCC.HCLKFreq_Value=250000000
RCC.HPRE=RCC_HCLK_DIV2
RCC.HSE_VALUE=24000000
RCC.I2C123Freq_Value=125000000
RCC.I2C4Freq_Value=125000000
RCC.IPParameters=ADCFreq_Value,AHB12Freq_Value,AHB4Freq_Value,APB1Freq_Value,APB2Freq_Value,APB3Freq_Value,APB4Freq_Value,AXIClockFreq_Value,CECFreq_Value,CKPERFreq_Value,CortexFreq_Value,CpuClockFreq_Value,D1CPREFreq_Value,D1PPRE,D2PPRE1,D2PPRE2,D3PPRE,DFSDMACLkFreq_Value,DFSDMFreq_Value,DIVM1,DIVN1,DIVP1,DIVP1Freq_Value,DIVP2Freq_Value,DIVP3Freq_Value,DIVQ1Freq_Value,DIVQ2Freq_Value,DIVQ3Freq_Value,DIVR1Freq_Value,DIVR2Freq_Value,DIVR3Freq_Value,FDCANFreq_Value,FMCFreq_Value,FamilyName,HCLK3ClockFreq_Value,HCLKFreq_Value,HPRE,HSE_VALUE,I2C123Freq_Value,I2C4Freq_Value,LPTIM1Freq_Value,LPTIM2Freq_Value,LPTIM345Freq_Value,LPUART1Freq_Value,LTDCFreq_Value,MCO1PinFreq_Value,MCO2PinFreq_Value,PLL2FRACN,PLL2_VCO_SEL-AdvancedSettings,PLL3FRACN,PLLFRACN,PLLSourceVirtual,QSPICLockSelection,QSPIFreq_Value,RCC_MCO2Source,RCC_MCODiv2,RNGFreq_Value,RTCClockSelection,RTCFreq_Value,SAI1Freq_Value,SAI4AFreq_Value,SAI4BFreq_Value,SDMMCFreq_Value,SPDIFRXFreq_Value,SPI123Freq_Value,SPI45Freq_Value,SPI6Freq_Value,SWPMI1Freq_Value,SYSCLKFreq_VALUE,SYSCLKSource,Tim1OutputFreq_Value,Tim2OutputFreq_Value,TraceFreq_Value,USART16Freq_Value,USART234578Freq_Value,USBFreq_Value,VCO1OutputFreq_Value,VCO2OutputFreq_Value,VCO3OutputFreq_Value,VCOInput1Freq_Value,VCOInput2Freq_Value,VCOInput3Freq_Value
RCC.LPTIM1Freq_Value=125000000
RCC.LPTIM2Freq_Value=125000000
RCC.LPTIM345Freq_Value=125000000
RCC.LPUART1Freq_Value=125000000
RCC.LTDCFreq_Value=48375000
RCC.MCO1PinFreq_Value=64000000
RCC.MCO2PinFreq_Value=2000000
RCC.PLL2FRACN=0
RCC.PLL2_VCO_SEL-AdvancedSettings=RCC_PLL2VCOMEDIUM
RCC.PLL3FRACN=0
RCC.PLLFRACN=4096
RCC.PLLSourceVirtual=RCC_PLLSOURCE_HSE
RCC.QSPICLockSelection=RCC_OSPICLKSOURCE_CLKP
RCC.QSPIFreq_Value=64000000
RCC.RCC_MCO2Source=RCC_MCO2SOURCE_HSE
RCC.RCC_MCODiv2=RCC_MCODIV_12
RCC.RNGFreq_Value=48000000
RCC.RTCClockSelection=RCC_RTCCLKSOURCE_LSE
RCC.RTCFreq_Value=32768
RCC.SAI1Freq_Value=250000000
RCC.SAI4AFreq_Value=250000000
RCC.SAI4BFreq_Value=250000000
RCC.SDMMCFreq_Value=250000000
RCC.SPDIFRXFreq_Value=250000000
RCC.SPI123Freq_Value=250000000
RCC.SPI45Freq_Value=125000000
RCC.SPI6Freq_Value=125000000
RCC.SWPMI1Freq_Value=125000000
RCC.SYSCLKFreq_VALUE=500000000
RCC.SYSCLKSource=RCC_SYSCLKSOURCE_PLLCLK
RCC.Tim1OutputFreq_Value=250000000
RCC.Tim2OutputFreq_Value=250000000
RCC.TraceFreq_Value=250000000
RCC.USART16Freq_Value=125000000
RCC.USART234578Freq_Value=125000000
RCC.USBFreq_Value=250000000
RCC.VCO1OutputFreq_Value=500000000
RCC.VCO2OutputFreq_Value=96750000
RCC.VCO3OutputFreq_Value=96750000
RCC.VCOInput1Freq_Value=8000000
RCC.VCOInput2Freq_Value=750000
RCC.VCOInput3Freq_Value=750000
SH.GPXTI0.0=GPIO_EXTI0
SH.GPXTI0.ConfNb=1
SH.GPXTI10.0=GPIO_EXTI10
SH.GPXTI10.ConfNb=1
SH.GPXTI4.0=GPIO_EXTI4
SH.GPXTI4.ConfNb=1
SH.GPXTI7.0=GPIO_EXTI7
SH.GPXTI7.ConfNb=1
SH.GPXTI9.0=GPIO_EXTI9
SH.GPXTI9.ConfNb=1
SPI3.BaudRatePrescaler=SPI_BAUDRATEPRESCALER_8
SPI3.CalculateBaudRate=31.25 MBits/s
SPI3.DataSize=SPI_DATASIZE_8BIT
SPI3.Direction=SPI_DIRECTION_2LINES
SPI3.IPParameters=VirtualType,Mode,Direction,CalculateBaudRate,DataSize,BaudRatePrescaler
SPI3.Mode=SPI_MODE_MASTER
SPI3.VirtualType=VM_MASTER
SPI4.BaudRatePrescaler=SPI_BAUDRATEPRESCALER_16
SPI4.CLKPhase=SPI_PHASE_2EDGE
SPI4.CalculateBaudRate=7.8125 MBits/s
SPI4.DataSize=SPI_DATASIZE_8BIT
SPI4.Direction=SPI_DIRECTION_2LINES
SPI4.IPParameters=VirtualType,Mode,Direction,CalculateBaudRate,DataSize,BaudRatePrescaler,CLKPhase
SPI4.Mode=SPI_MODE_MASTER
SPI4.VirtualType=VM_MASTER
STMicroelectronics.X-CUBE-ALGOBUILD.1.4.0.DSPOoLibraryJjLibrary_Checked=false
STMicroelectronics.X-CUBE-ALGOBUILD.1.4.0_SwParameter=LibraryCcDSPOoLibraryJjDSPOoLibrary\:true;
STMicroelectronics.X-CUBE-ST67W61.1.0.0.BSP.number=2
STMicroelectronics.X-CUBE-ST67W61.1.0.0.DeviceJjApplications_Checked=false
STMicroelectronics.X-CUBE-ST67W61.1.0.0.IPParameters=W6X_CLOCK_MODE,LOG_LEVEL,W6X_WIFI_HOSTNAME
STMicroelectronics.X-CUBE-ST67W61.1.0.0.LOG_LEVEL=LOG_NONE
STMicroelectronics.X-CUBE-ST67W61.1.0.0.NetworkJjST67W6XIiNetworkIiDriver_Checked=false
STMicroelectronics.X-CUBE-ST67W61.1.0.0.W6X_CLOCK_MODE=2
STMicroelectronics.X-CUBE-ST67W61.1.0.0.W6X_WIFI_HOSTNAME=Metroniq
STMicroelectronics.X-CUBE-ST67W61.1.0.00.BSP.STBoard=false
STMicroelectronics.X-CUBE-ST67W61.1.0.00.BSP.api=Unknown
STMicroelectronics.X-CUBE-ST67W61.1.0.00.BSP.component=
STMicroelectronics.X-CUBE-ST67W61.1.0.00.BSP.condition=
STMicroelectronics.X-CUBE-ST67W61.1.0.00.BSP.instance=USART2
STMicroelectronics.X-CUBE-ST67W61.1.0.00.BSP.ip=UART|USART|LPUART
STMicroelectronics.X-CUBE-ST67W61.1.0.00.BSP.mode=Asynchronous
STMicroelectronics.X-CUBE-ST67W61.1.0.00.BSP.name=LogSh_UART
STMicroelectronics.X-CUBE-ST67W61.1.0.00.BSP.semaphore=
STMicroelectronics.X-CUBE-ST67W61.1.0.00.BSP.solution=USART2
STMicroelectronics.X-CUBE-ST67W61.1.0.01.BSP.STBoard=false
STMicroelectronics.X-CUBE-ST67W61.1.0.01.BSP.api=Unknown
STMicroelectronics.X-CUBE-ST67W61.1.0.01.BSP.component=
STMicroelectronics.X-CUBE-ST67W61.1.0.01.BSP.condition=
STMicroelectronics.X-CUBE-ST67W61.1.0.01.BSP.instance=SPI3
STMicroelectronics.X-CUBE-ST67W61.1.0.01.BSP.ip=SPI
STMicroelectronics.X-CUBE-ST67W61.1.0.01.BSP.mode=Full-Duplex Master
STMicroelectronics.X-CUBE-ST67W61.1.0.01.BSP.name=NCP_SPI
STMicroelectronics.X-CUBE-ST67W61.1.0.01.BSP.semaphore=
STMicroelectronics.X-CUBE-ST67W61.1.0.01.BSP.solution=SPI3
STMicroelectronics.X-CUBE-ST67W61.1.0.0_SwParameter=ST67W6XIiNetworkIiDriverCcNetworkJjDriverJjW61IiatIiandIibus\:true;ApplicationsCcDeviceJjApplication\:WiFiIiCommissioningIiv;ST67W6XIiNetworkIiDriverCcNetworkJjServiceAPI\:true;
TIM16.IPParameters=Prescaler,Period
TIM16.Period=100
TIM16.Prescaler=549
USART1.IPParameters=VirtualMode-Asynchronous,VirtualMode-Hardware Flow Control (RS485)
USART1.VirtualMode-Asynchronous=VM_ASYNC
USART1.VirtualMode-Hardware\ Flow\ Control\ (RS485)=VM_ASYNC
USART2.BaudRate=921600
USART2.IPParameters=VirtualMode-Asynchronous,BaudRate
USART2.VirtualMode-Asynchronous=VM_ASYNC
VP_CORDIC_VS_CORDIC.Mode=CORDIC_Activate
VP_CORDIC_VS_CORDIC.Signal=CORDIC_VS_CORDIC
VP_MEMORYMAP_VS_MEMORYMAP.Mode=CurAppReg
VP_MEMORYMAP_VS_MEMORYMAP.Signal=MEMORYMAP_VS_MEMORYMAP
VP_OCTOSPI1_VS_quad.Mode=quad_mode
VP_OCTOSPI1_VS_quad.Signal=OCTOSPI1_VS_quad
VP_SYS_VS_tim1.Mode=TIM1
VP_SYS_VS_tim1.Signal=SYS_VS_tim1
VP_TIM16_VS_ClockSourceINT.Mode=Enable_Timer
VP_TIM16_VS_ClockSourceINT.Signal=TIM16_VS_ClockSourceINT
board=custom
